// !$*UTF8*$!
{
	archiveVersion = 1;
	classes = {
	};
	objectVersion = 55;
	objects = {

/* Begin PBXBuildFile section */
		DE84FD54287FA67D00B8B7CF /* Setting.storyboard in Resources */ = {isa = PBXBuildFile; fileRef = DE84FD53287FA67C00B8B7CF /* Setting.storyboard */; };
		DE918C3E287FAFE90057B483 /* TextFieldEffects in Frameworks */ = {isa = PBXBuildFile; productRef = DE918C3D287FAFE90057B483 /* TextFieldEffects */; };
		DE918C41287FAFF70057B483 /* SideMenu in Frameworks */ = {isa = PBXBuildFile; productRef = DE918C40287FAFF70057B483 /* SideMenu */; };
		DE918C44287FB00A0057B483 /* FSCalendar in Frameworks */ = {isa = PBXBuildFile; productRef = DE918C43287FB00A0057B483 /* FSCalendar */; };
		DE918C4A287FB0A70057B483 /* Search.storyboard in Resources */ = {isa = PBXBuildFile; fileRef = DE918C49287FB0A70057B483 /* Search.storyboard */; };
		DE918C4D287FBE430057B483 /* IQKeyboardManagerSwift in Frameworks */ = {isa = PBXBuildFile; productRef = DE918C4C287FBE430057B483 /* IQKeyboardManagerSwift */; };
		DE918C4F287FC2B90057B483 /* PracticeViewController.swift in Sources */ = {isa = PBXBuildFile; fileRef = DE918C4E287FC2B90057B483 /* PracticeViewController.swift */; };
		DEE61ABF287E94D200806290 /* AppDelegate.swift in Sources */ = {isa = PBXBuildFile; fileRef = DEE61ABE287E94D200806290 /* AppDelegate.swift */; };
		DEE61AC1287E94D200806290 /* SceneDelegate.swift in Sources */ = {isa = PBXBuildFile; fileRef = DEE61AC0287E94D200806290 /* SceneDelegate.swift */; };
		DEE61AC3287E94D200806290 /* ViewController.swift in Sources */ = {isa = PBXBuildFile; fileRef = DEE61AC2287E94D200806290 /* ViewController.swift */; };
		DEE61AC6287E94D200806290 /* Main.storyboard in Resources */ = {isa = PBXBuildFile; fileRef = DEE61AC4287E94D200806290 /* Main.storyboard */; };
		DEE61AC8287E94D400806290 /* Assets.xcassets in Resources */ = {isa = PBXBuildFile; fileRef = DEE61AC7287E94D400806290 /* Assets.xcassets */; };
		DEE61ACB287E94D400806290 /* LaunchScreen.storyboard in Resources */ = {isa = PBXBuildFile; fileRef = DEE61AC9287E94D400806290 /* LaunchScreen.storyboard */; };
/* End PBXBuildFile section */

/* Begin PBXFileReference section */
		DE84FD53287FA67C00B8B7CF /* Setting.storyboard */ = {isa = PBXFileReference; lastKnownFileType = file.storyboard; path = Setting.storyboard; sourceTree = "<group>"; };
		DE918C49287FB0A70057B483 /* Search.storyboard */ = {isa = PBXFileReference; lastKnownFileType = file.storyboard; path = Search.storyboard; sourceTree = "<group>"; };
		DE918C4E287FC2B90057B483 /* PracticeViewController.swift */ = {isa = PBXFileReference; lastKnownFileType = sourcecode.swift; path = PracticeViewController.swift; sourceTree = "<group>"; };
		DEE61ABB287E94D200806290 /* dateCount.app */ = {isa = PBXFileReference; explicitFileType = wrapper.application; includeInIndex = 0; path = dateCount.app; sourceTree = BUILT_PRODUCTS_DIR; };
		DEE61ABE287E94D200806290 /* AppDelegate.swift */ = {isa = PBXFileReference; lastKnownFileType = sourcecode.swift; path = AppDelegate.swift; sourceTree = "<group>"; };
		DEE61AC0287E94D200806290 /* SceneDelegate.swift */ = {isa = PBXFileReference; lastKnownFileType = sourcecode.swift; path = SceneDelegate.swift; sourceTree = "<group>"; };
		DEE61AC2287E94D200806290 /* ViewController.swift */ = {isa = PBXFileReference; lastKnownFileType = sourcecode.swift; path = ViewController.swift; sourceTree = "<group>"; };
		DEE61AC5287E94D200806290 /* Base */ = {isa = PBXFileReference; lastKnownFileType = file.storyboard; name = Base; path = Base.lproj/Main.storyboard; sourceTree = "<group>"; };
		DEE61AC7287E94D400806290 /* Assets.xcassets */ = {isa = PBXFileReference; lastKnownFileType = folder.assetcatalog; path = Assets.xcassets; sourceTree = "<group>"; };
		DEE61ACA287E94D400806290 /* Base */ = {isa = PBXFileReference; lastKnownFileType = file.storyboard; name = Base; path = Base.lproj/LaunchScreen.storyboard; sourceTree = "<group>"; };
		DEE61ACC287E94D400806290 /* Info.plist */ = {isa = PBXFileReference; lastKnownFileType = text.plist.xml; path = Info.plist; sourceTree = "<group>"; };
/* End PBXFileReference section */

/* Begin PBXFrameworksBuildPhase section */
		DEE61AB8287E94D200806290 /* Frameworks */ = {
			isa = PBXFrameworksBuildPhase;
			buildActionMask = 2147483647;
			files = (
				DE918C41287FAFF70057B483 /* SideMenu in Frameworks */,
				DE918C4D287FBE430057B483 /* IQKeyboardManagerSwift in Frameworks */,
				DE918C44287FB00A0057B483 /* FSCalendar in Frameworks */,
				DE918C3E287FAFE90057B483 /* TextFieldEffects in Frameworks */,
			);
			runOnlyForDeploymentPostprocessing = 0;
		};
/* End PBXFrameworksBuildPhase section */

/* Begin PBXGroup section */
		DEE61AB2287E94D200806290 = {
			isa = PBXGroup;
			children = (
				DEE61ABD287E94D200806290 /* dateCount */,
				DEE61ABC287E94D200806290 /* Products */,
			);
			sourceTree = "<group>";
		};
		DEE61ABC287E94D200806290 /* Products */ = {
			isa = PBXGroup;
			children = (
				DEE61ABB287E94D200806290 /* dateCount.app */,
			);
			name = Products;
			sourceTree = "<group>";
		};
		DEE61ABD287E94D200806290 /* dateCount */ = {
			isa = PBXGroup;
			children = (
				DEE61ABE287E94D200806290 /* AppDelegate.swift */,
				DEE61AC0287E94D200806290 /* SceneDelegate.swift */,
				DEE61AC2287E94D200806290 /* ViewController.swift */,
				DE918C4E287FC2B90057B483 /* PracticeViewController.swift */,
				DEE61AC4287E94D200806290 /* Main.storyboard */,
				DE84FD53287FA67C00B8B7CF /* Setting.storyboard */,
				DE918C49287FB0A70057B483 /* Search.storyboard */,
				DEE61AC7287E94D400806290 /* Assets.xcassets */,
				DEE61AC9287E94D400806290 /* LaunchScreen.storyboard */,
				DEE61ACC287E94D400806290 /* Info.plist */,
			);
			path = dateCount;
			sourceTree = "<group>";
		};
/* End PBXGroup section */

/* Begin PBXNativeTarget section */
		DEE61ABA287E94D200806290 /* dateCount */ = {
			isa = PBXNativeTarget;
			buildConfigurationList = DEE61ACF287E94D400806290 /* Build configuration list for PBXNativeTarget "dateCount" */;
			buildPhases = (
				DEE61AB7287E94D200806290 /* Sources */,
				DEE61AB8287E94D200806290 /* Frameworks */,
				DEE61AB9287E94D200806290 /* Resources */,
			);
			buildRules = (
			);
			dependencies = (
			);
			name = dateCount;
			packageProductDependencies = (
				DE918C3D287FAFE90057B483 /* TextFieldEffects */,
				DE918C40287FAFF70057B483 /* SideMenu */,
				DE918C43287FB00A0057B483 /* FSCalendar */,
				DE918C4C287FBE430057B483 /* IQKeyboardManagerSwift */,
			);
			productName = dateCount;
			productReference = DEE61ABB287E94D200806290 /* dateCount.app */;
			productType = "com.apple.product-type.application";
		};
/* End PBXNativeTarget section */

/* Begin PBXProject section */
		DEE61AB3287E94D200806290 /* Project object */ = {
			isa = PBXProject;
			attributes = {
				BuildIndependentTargetsInParallel = 1;
				LastSwiftUpdateCheck = 1330;
				LastUpgradeCheck = 1330;
				TargetAttributes = {
					DEE61ABA287E94D200806290 = {
						CreatedOnToolsVersion = 13.3.1;
					};
				};
			};
			buildConfigurationList = DEE61AB6287E94D200806290 /* Build configuration list for PBXProject "dateCount" */;
			compatibilityVersion = "Xcode 13.0";
			developmentRegion = en;
			hasScannedForEncodings = 0;
			knownRegions = (
				en,
				Base,
			);
			mainGroup = DEE61AB2287E94D200806290;
			packageReferences = (
				DE918C3C287FAFE90057B483 /* XCRemoteSwiftPackageReference "TextFieldEffects" */,
				DE918C3F287FAFF70057B483 /* XCRemoteSwiftPackageReference "SideMenu" */,
				DE918C42287FB00A0057B483 /* XCRemoteSwiftPackageReference "FSCalendar" */,
				DE918C4B287FBE430057B483 /* XCRemoteSwiftPackageReference "IQKeyboardManager" */,
			);
			productRefGroup = DEE61ABC287E94D200806290 /* Products */;
			projectDirPath = "";
			projectRoot = "";
			targets = (
				DEE61ABA287E94D200806290 /* dateCount */,
			);
		};
/* End PBXProject section */

/* Begin PBXResourcesBuildPhase section */
		DEE61AB9287E94D200806290 /* Resources */ = {
			isa = PBXResourcesBuildPhase;
			buildActionMask = 2147483647;
			files = (
				DEE61ACB287E94D400806290 /* LaunchScreen.storyboard in Resources */,
				DEE61AC8287E94D400806290 /* Assets.xcassets in Resources */,
				DEE61AC6287E94D200806290 /* Main.storyboard in Resources */,
				DE84FD54287FA67D00B8B7CF /* Setting.storyboard in Resources */,
				DE918C4A287FB0A70057B483 /* Search.storyboard in Resources */,
			);
			runOnlyForDeploymentPostprocessing = 0;
		};
/* End PBXResourcesBuildPhase section */

/* Begin PBXSourcesBuildPhase section */
		DEE61AB7287E94D200806290 /* Sources */ = {
			isa = PBXSourcesBuildPhase;
			buildActionMask = 2147483647;
			files = (
				DEE61AC3287E94D200806290 /* ViewController.swift in Sources */,
				DE918C4F287FC2B90057B483 /* PracticeViewController.swift in Sources */,
				DEE61ABF287E94D200806290 /* AppDelegate.swift in Sources */,
				DEE61AC1287E94D200806290 /* SceneDelegate.swift in Sources */,
			);
			runOnlyForDeploymentPostprocessing = 0;
		};
/* End PBXSourcesBuildPhase section */

/* Begin PBXVariantGroup section */
		DEE61AC4287E94D200806290 /* Main.storyboard */ = {
			isa = PBXVariantGroup;
			children = (
				DEE61AC5287E94D200806290 /* Base */,
			);
			name = Main.storyboard;
			sourceTree = "<group>";
		};
		DEE61AC9287E94D400806290 /* LaunchScreen.storyboard */ = {
			isa = PBXVariantGroup;
			children = (
				DEE61ACA287E94D400806290 /* Base */,
			);
			name = LaunchScreen.storyboard;
			sourceTree = "<group>";
		};
/* End PBXVariantGroup section */

/* Begin XCBuildConfiguration section */
		DEE61ACD287E94D400806290 /* Debug */ = {
			isa = XCBuildConfiguration;
			buildSettings = {
				ALWAYS_SEARCH_USER_PATHS = NO;
				CLANG_ANALYZER_NONNULL = YES;
				CLANG_ANALYZER_NUMBER_OBJECT_CONVERSION = YES_AGGRESSIVE;
				CLANG_CXX_LANGUAGE_STANDARD = "gnu++17";
				CLANG_ENABLE_MODULES = YES;
				CLANG_ENABLE_OBJC_ARC = YES;
				CLANG_ENABLE_OBJC_WEAK = YES;
				CLANG_WARN_BLOCK_CAPTURE_AUTORELEASING = YES;
				CLANG_WARN_BOOL_CONVERSION = YES;
				CLANG_WARN_COMMA = YES;
				CLANG_WARN_CONSTANT_CONVERSION = YES;
				CLANG_WARN_DEPRECATED_OBJC_IMPLEMENTATIONS = YES;
				CLANG_WARN_DIRECT_OBJC_ISA_USAGE = YES_ERROR;
				CLANG_WARN_DOCUMENTATION_COMMENTS = YES;
				CLANG_WARN_EMPTY_BODY = YES;
				CLANG_WARN_ENUM_CONVERSION = YES;
				CLANG_WARN_INFINITE_RECURSION = YES;
				CLANG_WARN_INT_CONVERSION = YES;
				CLANG_WARN_NON_LITERAL_NULL_CONVERSION = YES;
				CLANG_WARN_OBJC_IMPLICIT_RETAIN_SELF = YES;
				CLANG_WARN_OBJC_LITERAL_CONVERSION = YES;
				CLANG_WARN_OBJC_ROOT_CLASS = YES_ERROR;
				CLANG_WARN_QUOTED_INCLUDE_IN_FRAMEWORK_HEADER = YES;
				CLANG_WARN_RANGE_LOOP_ANALYSIS = YES;
				CLANG_WARN_STRICT_PROTOTYPES = YES;
				CLANG_WARN_SUSPICIOUS_MOVE = YES;
				CLANG_WARN_UNGUARDED_AVAILABILITY = YES_AGGRESSIVE;
				CLANG_WARN_UNREACHABLE_CODE = YES;
				CLANG_WARN__DUPLICATE_METHOD_MATCH = YES;
				COPY_PHASE_STRIP = NO;
				DEBUG_INFORMATION_FORMAT = dwarf;
				ENABLE_STRICT_OBJC_MSGSEND = YES;
				ENABLE_TESTABILITY = YES;
				GCC_C_LANGUAGE_STANDARD = gnu11;
				GCC_DYNAMIC_NO_PIC = NO;
				GCC_NO_COMMON_BLOCKS = YES;
				GCC_OPTIMIZATION_LEVEL = 0;
				GCC_PREPROCESSOR_DEFINITIONS = (
					"DEBUG=1",
					"$(inherited)",
				);
				GCC_WARN_64_TO_32_BIT_CONVERSION = YES;
				GCC_WARN_ABOUT_RETURN_TYPE = YES_ERROR;
				GCC_WARN_UNDECLARED_SELECTOR = YES;
				GCC_WARN_UNINITIALIZED_AUTOS = YES_AGGRESSIVE;
				GCC_WARN_UNUSED_FUNCTION = YES;
				GCC_WARN_UNUSED_VARIABLE = YES;
				IPHONEOS_DEPLOYMENT_TARGET = 15.4;
				MTL_ENABLE_DEBUG_INFO = INCLUDE_SOURCE;
				MTL_FAST_MATH = YES;
				ONLY_ACTIVE_ARCH = YES;
				SDKROOT = iphoneos;
				SWIFT_ACTIVE_COMPILATION_CONDITIONS = DEBUG;
				SWIFT_OPTIMIZATION_LEVEL = "-Onone";
			};
			name = Debug;
		};
		DEE61ACE287E94D400806290 /* Release */ = {
			isa = XCBuildConfiguration;
			buildSettings = {
				ALWAYS_SEARCH_USER_PATHS = NO;
				CLANG_ANALYZER_NONNULL = YES;
				CLANG_ANALYZER_NUMBER_OBJECT_CONVERSION = YES_AGGRESSIVE;
				CLANG_CXX_LANGUAGE_STANDARD = "gnu++17";
				CLANG_ENABLE_MODULES = YES;
				CLANG_ENABLE_OBJC_ARC = YES;
				CLANG_ENABLE_OBJC_WEAK = YES;
				CLANG_WARN_BLOCK_CAPTURE_AUTORELEASING = YES;
				CLANG_WARN_BOOL_CONVERSION = YES;
				CLANG_WARN_COMMA = YES;
				CLANG_WARN_CONSTANT_CONVERSION = YES;
				CLANG_WARN_DEPRECATED_OBJC_IMPLEMENTATIONS = YES;
				CLANG_WARN_DIRECT_OBJC_ISA_USAGE = YES_ERROR;
				CLANG_WARN_DOCUMENTATION_COMMENTS = YES;
				CLANG_WARN_EMPTY_BODY = YES;
				CLANG_WARN_ENUM_CONVERSION = YES;
				CLANG_WARN_INFINITE_RECURSION = YES;
				CLANG_WARN_INT_CONVERSION = YES;
				CLANG_WARN_NON_LITERAL_NULL_CONVERSION = YES;
				CLANG_WARN_OBJC_IMPLICIT_RETAIN_SELF = YES;
				CLANG_WARN_OBJC_LITERAL_CONVERSION = YES;
				CLANG_WARN_OBJC_ROOT_CLASS = YES_ERROR;
				CLANG_WARN_QUOTED_INCLUDE_IN_FRAMEWORK_HEADER = YES;
				CLANG_WARN_RANGE_LOOP_ANALYSIS = YES;
				CLANG_WARN_STRICT_PROTOTYPES = YES;
				CLANG_WARN_SUSPICIOUS_MOVE = YES;
				CLANG_WARN_UNGUARDED_AVAILABILITY = YES_AGGRESSIVE;
				CLANG_WARN_UNREACHABLE_CODE = YES;
				CLANG_WARN__DUPLICATE_METHOD_MATCH = YES;
				COPY_PHASE_STRIP = NO;
				DEBUG_INFORMATION_FORMAT = "dwarf-with-dsym";
				ENABLE_NS_ASSERTIONS = NO;
				ENABLE_STRICT_OBJC_MSGSEND = YES;
				GCC_C_LANGUAGE_STANDARD = gnu11;
				GCC_NO_COMMON_BLOCKS = YES;
				GCC_WARN_64_TO_32_BIT_CONVERSION = YES;
				GCC_WARN_ABOUT_RETURN_TYPE = YES_ERROR;
				GCC_WARN_UNDECLARED_SELECTOR = YES;
				GCC_WARN_UNINITIALIZED_AUTOS = YES_AGGRESSIVE;
				GCC_WARN_UNUSED_FUNCTION = YES;
				GCC_WARN_UNUSED_VARIABLE = YES;
				IPHONEOS_DEPLOYMENT_TARGET = 15.4;
				MTL_ENABLE_DEBUG_INFO = NO;
				MTL_FAST_MATH = YES;
				SDKROOT = iphoneos;
				SWIFT_COMPILATION_MODE = wholemodule;
				SWIFT_OPTIMIZATION_LEVEL = "-O";
				VALIDATE_PRODUCT = YES;
			};
			name = Release;
		};
		DEE61AD0287E94D400806290 /* Debug */ = {
			isa = XCBuildConfiguration;
			buildSettings = {
				ASSETCATALOG_COMPILER_APPICON_NAME = AppIcon;
				ASSETCATALOG_COMPILER_GLOBAL_ACCENT_COLOR_NAME = AccentColor;
				CODE_SIGN_STYLE = Automatic;
				CURRENT_PROJECT_VERSION = 1;
				GENERATE_INFOPLIST_FILE = YES;
				INFOPLIST_FILE = dateCount/Info.plist;
				INFOPLIST_KEY_UIApplicationSupportsIndirectInputEvents = YES;
				INFOPLIST_KEY_UILaunchStoryboardName = LaunchScreen;
				INFOPLIST_KEY_UIMainStoryboardFile = Main;
				INFOPLIST_KEY_UISupportedInterfaceOrientations_iPad = "UIInterfaceOrientationPortrait UIInterfaceOrientationPortraitUpsideDown UIInterfaceOrientationLandscapeLeft UIInterfaceOrientationLandscapeRight";
				INFOPLIST_KEY_UISupportedInterfaceOrientations_iPhone = "UIInterfaceOrientationPortrait UIInterfaceOrientationLandscapeLeft UIInterfaceOrientationLandscapeRight";
				IPHONEOS_DEPLOYMENT_TARGET = 13.0;
				LD_RUNPATH_SEARCH_PATHS = (
					"$(inherited)",
					"@executable_path/Frameworks",
				);
				MARKETING_VERSION = 1.0;
				PRODUCT_BUNDLE_IDENTIFIER = com.sesac.dateCount;
				PRODUCT_NAME = "$(TARGET_NAME)";
				SWIFT_EMIT_LOC_STRINGS = YES;
				SWIFT_VERSION = 5.0;
				TARGETED_DEVICE_FAMILY = "1,2";
			};
			name = Debug;
		};
		DEE61AD1287E94D400806290 /* Release */ = {
			isa = XCBuildConfiguration;
			buildSettings = {
				ASSETCATALOG_COMPILER_APPICON_NAME = AppIcon;
				ASSETCATALOG_COMPILER_GLOBAL_ACCENT_COLOR_NAME = AccentColor;
				CODE_SIGN_STYLE = Automatic;
				CURRENT_PROJECT_VERSION = 1;
				GENERATE_INFOPLIST_FILE = YES;
				INFOPLIST_FILE = dateCount/Info.plist;
				INFOPLIST_KEY_UIApplicationSupportsIndirectInputEvents = YES;
				INFOPLIST_KEY_UILaunchStoryboardName = LaunchScreen;
				INFOPLIST_KEY_UIMainStoryboardFile = Main;
				INFOPLIST_KEY_UISupportedInterfaceOrientations_iPad = "UIInterfaceOrientationPortrait UIInterfaceOrientationPortraitUpsideDown UIInterfaceOrientationLandscapeLeft UIInterfaceOrientationLandscapeRight";
				INFOPLIST_KEY_UISupportedInterfaceOrientations_iPhone = "UIInterfaceOrientationPortrait UIInterfaceOrientationLandscapeLeft UIInterfaceOrientationLandscapeRight";
				IPHONEOS_DEPLOYMENT_TARGET = 13.0;
				LD_RUNPATH_SEARCH_PATHS = (
					"$(inherited)",
					"@executable_path/Frameworks",
				);
				MARKETING_VERSION = 1.0;
				PRODUCT_BUNDLE_IDENTIFIER = com.sesac.dateCount;
				PRODUCT_NAME = "$(TARGET_NAME)";
				SWIFT_EMIT_LOC_STRINGS = YES;
				SWIFT_VERSION = 5.0;
				TARGETED_DEVICE_FAMILY = "1,2";
			};
			name = Release;
		};
/* End XCBuildConfiguration section */

/* Begin XCConfigurationList section */
		DEE61AB6287E94D200806290 /* Build configuration list for PBXProject "dateCount" */ = {
			isa = XCConfigurationList;
			buildConfigurations = (
				DEE61ACD287E94D400806290 /* Debug */,
				DEE61ACE287E94D400806290 /* Release */,
			);
			defaultConfigurationIsVisible = 0;
			defaultConfigurationName = Release;
		};
		DEE61ACF287E94D400806290 /* Build configuration list for PBXNativeTarget "dateCount" */ = {
			isa = XCConfigurationList;
			buildConfigurations = (
				DEE61AD0287E94D400806290 /* Debug */,
				DEE61AD1287E94D400806290 /* Release */,
			);
			defaultConfigurationIsVisible = 0;
			defaultConfigurationName = Release;
		};
/* End XCConfigurationList section */

/* Begin XCRemoteSwiftPackageReference section */
		DE918C3C287FAFE90057B483 /* XCRemoteSwiftPackageReference "TextFieldEffects" */ = {
			isa = XCRemoteSwiftPackageReference;
			repositoryURL = "https://github.com/raulriera/TextFieldEffects.git";
			requirement = {
				kind = upToNextMajorVersion;
				minimumVersion = 1.0.0;
			};
		};
		DE918C3F287FAFF70057B483 /* XCRemoteSwiftPackageReference "SideMenu" */ = {
			isa = XCRemoteSwiftPackageReference;
			repositoryURL = "https://github.com/jonkykong/SideMenu.git";
			requirement = {
				kind = upToNextMajorVersion;
				minimumVersion = 6.0.0;
			};
		};
		DE918C42287FB00A0057B483 /* XCRemoteSwiftPackageReference "FSCalendar" */ = {
			isa = XCRemoteSwiftPackageReference;
			repositoryURL = "https://github.com/WenchaoD/FSCalendar.git";
			requirement = {
				kind = upToNextMajorVersion;
				minimumVersion = 2.0.0;
			};
		};
		DE918C4B287FBE430057B483 /* XCRemoteSwiftPackageReference "IQKeyboardManager" */ = {
			isa = XCRemoteSwiftPackageReference;
			repositoryURL = "https://github.com/hackiftekhar/IQKeyboardManager.git";
			requirement = {
				kind = exactVersion;
				version = 6.5.0;
			};
		};
/* End XCRemoteSwiftPackageReference section */

/* Begin XCSwiftPackageProductDependency section */
		DE918C3D287FAFE90057B483 /* TextFieldEffects */ = {
			isa = XCSwiftPackageProductDependency;
			package = DE918C3C287FAFE90057B483 /* XCRemoteSwiftPackageReference "TextFieldEffects" */;
			productName = TextFieldEffects;
		};
		DE918C40287FAFF70057B483 /* SideMenu */ = {
			isa = XCSwiftPackageProductDependency;
			package = DE918C3F287FAFF70057B483 /* XCRemoteSwiftPackageReference "SideMenu" */;
			productName = SideMenu;
		};
		DE918C43287FB00A0057B483 /* FSCalendar */ = {
			isa = XCSwiftPackageProductDependency;
			package = DE918C42287FB00A0057B483 /* XCRemoteSwiftPackageReference "FSCalendar" */;
			productName = FSCalendar;
		};
		DE918C4C287FBE430057B483 /* IQKeyboardManagerSwift */ = {
			isa = XCSwiftPackageProductDependency;
			package = DE918C4B287FBE430057B483 /* XCRemoteSwiftPackageReference "IQKeyboardManager" */;
			productName = IQKeyboardManagerSwift;
		};
/* End XCSwiftPackageProductDependency section */
	};
	rootObject = DEE61AB3287E94D200806290 /* Project object */;
}
